// !$*UTF8*$!
{
	archiveVersion = 1;
	classes = {
	};
	objectVersion = 55;
	objects = {

/* Begin PBXBuildFile section */
		429BAEF2276B818A007D73C5 /* PreferencesViewController.m in Sources */ = {isa = PBXBuildFile; fileRef = 429BAEF1276B818A007D73C5 /* PreferencesViewController.m */; };
		429BAEF5276B8E15007D73C5 /* MobileUIViewController.m in Sources */ = {isa = PBXBuildFile; fileRef = 429BAEF4276B8E15007D73C5 /* MobileUIViewController.m */; };
		42A5A0582768DDBB007AD579 /* OneMoreTimeViewController.m in Sources */ = {isa = PBXBuildFile; fileRef = 42A5A0572768DDBB007AD579 /* OneMoreTimeViewController.m */; };
		42A945BB2767515E002767C6 /* AppDelegate.m in Sources */ = {isa = PBXBuildFile; fileRef = 42A945BA2767515E002767C6 /* AppDelegate.m */; };
		42A945BE2767515E002767C6 /* SceneDelegate.m in Sources */ = {isa = PBXBuildFile; fileRef = 42A945BD2767515E002767C6 /* SceneDelegate.m */; };
		42A945C12767515E002767C6 /* ViewController.m in Sources */ = {isa = PBXBuildFile; fileRef = 42A945C02767515E002767C6 /* ViewController.m */; };
		42A945C42767515E002767C6 /* Main.storyboard in Resources */ = {isa = PBXBuildFile; fileRef = 42A945C22767515E002767C6 /* Main.storyboard */; };
		42A945C62767515F002767C6 /* Assets.xcassets in Resources */ = {isa = PBXBuildFile; fileRef = 42A945C52767515F002767C6 /* Assets.xcassets */; };
		42A945C92767515F002767C6 /* LaunchScreen.storyboard in Resources */ = {isa = PBXBuildFile; fileRef = 42A945C72767515F002767C6 /* LaunchScreen.storyboard */; };
		42A945CC2767515F002767C6 /* main.m in Sources */ = {isa = PBXBuildFile; fileRef = 42A945CB2767515F002767C6 /* main.m */; };
		42A945D4276756C5002767C6 /* WelcomeViewController.m in Sources */ = {isa = PBXBuildFile; fileRef = 42A945D3276756C5002767C6 /* WelcomeViewController.m */; };
		42A945D7276758F5002767C6 /* TunakCell.m in Sources */ = {isa = PBXBuildFile; fileRef = 42A945D6276758F5002767C6 /* TunakCell.m */; };
		42A945DA276769E9002767C6 /* ConsoleViewController.m in Sources */ = {isa = PBXBuildFile; fileRef = 42A945D9276769E9002767C6 /* ConsoleViewController.m */; };
		42A945DD27676AC5002767C6 /* Board.m in Sources */ = {isa = PBXBuildFile; fileRef = 42A945DC27676AC5002767C6 /* Board.m */; };
		42A945E027678B1B002767C6 /* Engine.m in Sources */ = {isa = PBXBuildFile; fileRef = 42A945DF27678B1B002767C6 /* Engine.m */; };
		42A945E327678C13002767C6 /* Player.m in Sources */ = {isa = PBXBuildFile; fileRef = 42A945E227678C13002767C6 /* Player.m */; };
		42A945E62767A330002767C6 /* Cell.m in Sources */ = {isa = PBXBuildFile; fileRef = 42A945E52767A330002767C6 /* Cell.m */; };
/* End PBXBuildFile section */

/* Begin PBXFileReference section */
		429BAEF0276B818A007D73C5 /* PreferencesViewController.h */ = {isa = PBXFileReference; lastKnownFileType = sourcecode.c.h; path = PreferencesViewController.h; sourceTree = "<group>"; };
		429BAEF1276B818A007D73C5 /* PreferencesViewController.m */ = {isa = PBXFileReference; lastKnownFileType = sourcecode.c.objc; path = PreferencesViewController.m; sourceTree = "<group>"; };
		429BAEF3276B8E15007D73C5 /* MobileUIViewController.h */ = {isa = PBXFileReference; lastKnownFileType = sourcecode.c.h; path = MobileUIViewController.h; sourceTree = "<group>"; };
		429BAEF4276B8E15007D73C5 /* MobileUIViewController.m */ = {isa = PBXFileReference; lastKnownFileType = sourcecode.c.objc; path = MobileUIViewController.m; sourceTree = "<group>"; };
		42A5A0562768DDBB007AD579 /* OneMoreTimeViewController.h */ = {isa = PBXFileReference; lastKnownFileType = sourcecode.c.h; path = OneMoreTimeViewController.h; sourceTree = "<group>"; };
		42A5A0572768DDBB007AD579 /* OneMoreTimeViewController.m */ = {isa = PBXFileReference; lastKnownFileType = sourcecode.c.objc; path = OneMoreTimeViewController.m; sourceTree = "<group>"; };
		42A945B62767515E002767C6 /* Tunak-Tunak-Tun.app */ = {isa = PBXFileReference; explicitFileType = wrapper.application; includeInIndex = 0; path = "Tunak-Tunak-Tun.app"; sourceTree = BUILT_PRODUCTS_DIR; };
		42A945B92767515E002767C6 /* AppDelegate.h */ = {isa = PBXFileReference; lastKnownFileType = sourcecode.c.h; path = AppDelegate.h; sourceTree = "<group>"; };
		42A945BA2767515E002767C6 /* AppDelegate.m */ = {isa = PBXFileReference; lastKnownFileType = sourcecode.c.objc; path = AppDelegate.m; sourceTree = "<group>"; };
		42A945BC2767515E002767C6 /* SceneDelegate.h */ = {isa = PBXFileReference; lastKnownFileType = sourcecode.c.h; path = SceneDelegate.h; sourceTree = "<group>"; };
		42A945BD2767515E002767C6 /* SceneDelegate.m */ = {isa = PBXFileReference; lastKnownFileType = sourcecode.c.objc; path = SceneDelegate.m; sourceTree = "<group>"; };
		42A945BF2767515E002767C6 /* ViewController.h */ = {isa = PBXFileReference; lastKnownFileType = sourcecode.c.h; path = ViewController.h; sourceTree = "<group>"; };
		42A945C02767515E002767C6 /* ViewController.m */ = {isa = PBXFileReference; lastKnownFileType = sourcecode.c.objc; path = ViewController.m; sourceTree = "<group>"; };
		42A945C32767515E002767C6 /* Base */ = {isa = PBXFileReference; lastKnownFileType = file.storyboard; name = Base; path = Base.lproj/Main.storyboard; sourceTree = "<group>"; };
		42A945C52767515F002767C6 /* Assets.xcassets */ = {isa = PBXFileReference; lastKnownFileType = folder.assetcatalog; path = Assets.xcassets; sourceTree = "<group>"; };
		42A945C82767515F002767C6 /* Base */ = {isa = PBXFileReference; lastKnownFileType = file.storyboard; name = Base; path = Base.lproj/LaunchScreen.storyboard; sourceTree = "<group>"; };
		42A945CA2767515F002767C6 /* Info.plist */ = {isa = PBXFileReference; lastKnownFileType = text.plist.xml; path = Info.plist; sourceTree = "<group>"; };
		42A945CB2767515F002767C6 /* main.m */ = {isa = PBXFileReference; lastKnownFileType = sourcecode.c.objc; path = main.m; sourceTree = "<group>"; };
		42A945D2276756C5002767C6 /* WelcomeViewController.h */ = {isa = PBXFileReference; lastKnownFileType = sourcecode.c.h; path = WelcomeViewController.h; sourceTree = "<group>"; };
		42A945D3276756C5002767C6 /* WelcomeViewController.m */ = {isa = PBXFileReference; lastKnownFileType = sourcecode.c.objc; path = WelcomeViewController.m; sourceTree = "<group>"; };
		42A945D5276758F5002767C6 /* TunakCell.h */ = {isa = PBXFileReference; lastKnownFileType = sourcecode.c.h; path = TunakCell.h; sourceTree = "<group>"; };
		42A945D6276758F5002767C6 /* TunakCell.m */ = {isa = PBXFileReference; lastKnownFileType = sourcecode.c.objc; path = TunakCell.m; sourceTree = "<group>"; };
		42A945D8276769E9002767C6 /* ConsoleViewController.h */ = {isa = PBXFileReference; lastKnownFileType = sourcecode.c.h; path = ConsoleViewController.h; sourceTree = "<group>"; };
		42A945D9276769E9002767C6 /* ConsoleViewController.m */ = {isa = PBXFileReference; lastKnownFileType = sourcecode.c.objc; path = ConsoleViewController.m; sourceTree = "<group>"; };
		42A945DB27676AC5002767C6 /* Board.h */ = {isa = PBXFileReference; lastKnownFileType = sourcecode.c.h; path = Board.h; sourceTree = "<group>"; };
		42A945DC27676AC5002767C6 /* Board.m */ = {isa = PBXFileReference; lastKnownFileType = sourcecode.c.objc; path = Board.m; sourceTree = "<group>"; };
		42A945DE27678B1B002767C6 /* Engine.h */ = {isa = PBXFileReference; lastKnownFileType = sourcecode.c.h; path = Engine.h; sourceTree = "<group>"; };
		42A945DF27678B1B002767C6 /* Engine.m */ = {isa = PBXFileReference; lastKnownFileType = sourcecode.c.objc; path = Engine.m; sourceTree = "<group>"; };
		42A945E127678C13002767C6 /* Player.h */ = {isa = PBXFileReference; lastKnownFileType = sourcecode.c.h; path = Player.h; sourceTree = "<group>"; };
		42A945E227678C13002767C6 /* Player.m */ = {isa = PBXFileReference; lastKnownFileType = sourcecode.c.objc; path = Player.m; sourceTree = "<group>"; };
		42A945E42767A330002767C6 /* Cell.h */ = {isa = PBXFileReference; lastKnownFileType = sourcecode.c.h; path = Cell.h; sourceTree = "<group>"; };
		42A945E52767A330002767C6 /* Cell.m */ = {isa = PBXFileReference; lastKnownFileType = sourcecode.c.objc; path = Cell.m; sourceTree = "<group>"; };
/* End PBXFileReference section */

/* Begin PBXFrameworksBuildPhase section */
		42A945B32767515E002767C6 /* Frameworks */ = {
			isa = PBXFrameworksBuildPhase;
			buildActionMask = 2147483647;
			files = (
			);
			runOnlyForDeploymentPostprocessing = 0;
		};
/* End PBXFrameworksBuildPhase section */

/* Begin PBXGroup section */
		42A5A0592768DEF8007AD579 /* GameComponents */ = {
			isa = PBXGroup;
			children = (
				42A945DB27676AC5002767C6 /* Board.h */,
				42A945DC27676AC5002767C6 /* Board.m */,
				42A945E42767A330002767C6 /* Cell.h */,
				42A945E52767A330002767C6 /* Cell.m */,
				42A945E127678C13002767C6 /* Player.h */,
				42A945E227678C13002767C6 /* Player.m */,
				42A945D5276758F5002767C6 /* TunakCell.h */,
				42A945D6276758F5002767C6 /* TunakCell.m */,
				42A945DE27678B1B002767C6 /* Engine.h */,
				42A945DF27678B1B002767C6 /* Engine.m */,
			);
			name = GameComponents;
			sourceTree = "<group>";
		};
		42A945AD2767515E002767C6 = {
			isa = PBXGroup;
			children = (
				42A945B82767515E002767C6 /* Tunak-Tunak-Tun */,
				42A945B72767515E002767C6 /* Products */,
			);
			sourceTree = "<group>";
		};
		42A945B72767515E002767C6 /* Products */ = {
			isa = PBXGroup;
			children = (
				42A945B62767515E002767C6 /* Tunak-Tunak-Tun.app */,
			);
			name = Products;
			sourceTree = "<group>";
		};
		42A945B82767515E002767C6 /* Tunak-Tunak-Tun */ = {
			isa = PBXGroup;
			children = (
				42A945B92767515E002767C6 /* AppDelegate.h */,
				42A945BA2767515E002767C6 /* AppDelegate.m */,
				42A945BC2767515E002767C6 /* SceneDelegate.h */,
				42A945BD2767515E002767C6 /* SceneDelegate.m */,
				42A945BF2767515E002767C6 /* ViewController.h */,
				42A945C02767515E002767C6 /* ViewController.m */,
				42A945C22767515E002767C6 /* Main.storyboard */,
				42A945D2276756C5002767C6 /* WelcomeViewController.h */,
				42A945D3276756C5002767C6 /* WelcomeViewController.m */,
				429BAEF0276B818A007D73C5 /* PreferencesViewController.h */,
				429BAEF1276B818A007D73C5 /* PreferencesViewController.m */,
				42A945D8276769E9002767C6 /* ConsoleViewController.h */,
				42A945D9276769E9002767C6 /* ConsoleViewController.m */,
				429BAEF3276B8E15007D73C5 /* MobileUIViewController.h */,
				429BAEF4276B8E15007D73C5 /* MobileUIViewController.m */,
				42A5A0562768DDBB007AD579 /* OneMoreTimeViewController.h */,
				42A5A0572768DDBB007AD579 /* OneMoreTimeViewController.m */,
				42A945C52767515F002767C6 /* Assets.xcassets */,
				42A945C72767515F002767C6 /* LaunchScreen.storyboard */,
				42A945CA2767515F002767C6 /* Info.plist */,
				42A945CB2767515F002767C6 /* main.m */,
				42A5A0592768DEF8007AD579 /* GameComponents */,
			);
			path = "Tunak-Tunak-Tun";
			sourceTree = "<group>";
		};
/* End PBXGroup section */

/* Begin PBXNativeTarget section */
		42A945B52767515E002767C6 /* Tunak-Tunak-Tun */ = {
			isa = PBXNativeTarget;
			buildConfigurationList = 42A945CF2767515F002767C6 /* Build configuration list for PBXNativeTarget "Tunak-Tunak-Tun" */;
			buildPhases = (
				42A945B22767515E002767C6 /* Sources */,
				42A945B32767515E002767C6 /* Frameworks */,
				42A945B42767515E002767C6 /* Resources */,
			);
			buildRules = (
			);
			dependencies = (
			);
			name = "Tunak-Tunak-Tun";
			productName = "Tunak-Tunak-Tun";
			productReference = 42A945B62767515E002767C6 /* Tunak-Tunak-Tun.app */;
			productType = "com.apple.product-type.application";
		};
/* End PBXNativeTarget section */

/* Begin PBXProject section */
		42A945AE2767515E002767C6 /* Project object */ = {
			isa = PBXProject;
			attributes = {
				BuildIndependentTargetsInParallel = 1;
				LastUpgradeCheck = 1310;
				TargetAttributes = {
					42A945B52767515E002767C6 = {
						CreatedOnToolsVersion = 13.1;
					};
				};
			};
			buildConfigurationList = 42A945B12767515E002767C6 /* Build configuration list for PBXProject "Tunak-Tunak-Tun" */;
			compatibilityVersion = "Xcode 13.0";
			developmentRegion = en;
			hasScannedForEncodings = 0;
			knownRegions = (
				en,
				Base,
			);
			mainGroup = 42A945AD2767515E002767C6;
			productRefGroup = 42A945B72767515E002767C6 /* Products */;
			projectDirPath = "";
			projectRoot = "";
			targets = (
				42A945B52767515E002767C6 /* Tunak-Tunak-Tun */,
			);
		};
/* End PBXProject section */

/* Begin PBXResourcesBuildPhase section */
		42A945B42767515E002767C6 /* Resources */ = {
			isa = PBXResourcesBuildPhase;
			buildActionMask = 2147483647;
			files = (
				42A945C92767515F002767C6 /* LaunchScreen.storyboard in Resources */,
				42A945C62767515F002767C6 /* Assets.xcassets in Resources */,
				42A945C42767515E002767C6 /* Main.storyboard in Resources */,
			);
			runOnlyForDeploymentPostprocessing = 0;
		};
/* End PBXResourcesBuildPhase section */

/* Begin PBXSourcesBuildPhase section */
		42A945B22767515E002767C6 /* Sources */ = {
			isa = PBXSourcesBuildPhase;
			buildActionMask = 2147483647;
			files = (
				42A945E62767A330002767C6 /* Cell.m in Sources */,
				42A945D4276756C5002767C6 /* WelcomeViewController.m in Sources */,
				42A945DA276769E9002767C6 /* ConsoleViewController.m in Sources */,
				42A945E027678B1B002767C6 /* Engine.m in Sources */,
				42A945DD27676AC5002767C6 /* Board.m in Sources */,
				42A945E327678C13002767C6 /* Player.m in Sources */,
				429BAEF5276B8E15007D73C5 /* MobileUIViewController.m in Sources */,
				42A945C12767515E002767C6 /* ViewController.m in Sources */,
				42A945BB2767515E002767C6 /* AppDelegate.m in Sources */,
				42A945CC2767515F002767C6 /* main.m in Sources */,
				42A5A0582768DDBB007AD579 /* OneMoreTimeViewController.m in Sources */,
				42A945BE2767515E002767C6 /* SceneDelegate.m in Sources */,
				429BAEF2276B818A007D73C5 /* PreferencesViewController.m in Sources */,
				42A945D7276758F5002767C6 /* TunakCell.m in Sources */,
			);
			runOnlyForDeploymentPostprocessing = 0;
		};
/* End PBXSourcesBuildPhase section */

/* Begin PBXVariantGroup section */
		42A945C22767515E002767C6 /* Main.storyboard */ = {
			isa = PBXVariantGroup;
			children = (
				42A945C32767515E002767C6 /* Base */,
			);
			name = Main.storyboard;
			sourceTree = "<group>";
		};
		42A945C72767515F002767C6 /* LaunchScreen.storyboard */ = {
			isa = PBXVariantGroup;
			children = (
				42A945C82767515F002767C6 /* Base */,
			);
			name = LaunchScreen.storyboard;
			sourceTree = "<group>";
		};
/* End PBXVariantGroup section */

/* Begin XCBuildConfiguration section */
		42A945CD2767515F002767C6 /* Debug */ = {
			isa = XCBuildConfiguration;
			buildSettings = {
				ALWAYS_SEARCH_USER_PATHS = NO;
				CLANG_ANALYZER_NONNULL = YES;
				CLANG_ANALYZER_NUMBER_OBJECT_CONVERSION = YES_AGGRESSIVE;
				CLANG_CXX_LANGUAGE_STANDARD = "gnu++17";
				CLANG_CXX_LIBRARY = "libc++";
				CLANG_ENABLE_MODULES = YES;
				CLANG_ENABLE_OBJC_ARC = YES;
				CLANG_ENABLE_OBJC_WEAK = YES;
				CLANG_WARN_BLOCK_CAPTURE_AUTORELEASING = YES;
				CLANG_WARN_BOOL_CONVERSION = YES;
				CLANG_WARN_COMMA = YES;
				CLANG_WARN_CONSTANT_CONVERSION = YES;
				CLANG_WARN_DEPRECATED_OBJC_IMPLEMENTATIONS = YES;
				CLANG_WARN_DIRECT_OBJC_ISA_USAGE = YES_ERROR;
				CLANG_WARN_DOCUMENTATION_COMMENTS = YES;
				CLANG_WARN_EMPTY_BODY = YES;
				CLANG_WARN_ENUM_CONVERSION = YES;
				CLANG_WARN_INFINITE_RECURSION = YES;
				CLANG_WARN_INT_CONVERSION = YES;
				CLANG_WARN_NON_LITERAL_NULL_CONVERSION = YES;
				CLANG_WARN_OBJC_IMPLICIT_RETAIN_SELF = YES;
				CLANG_WARN_OBJC_LITERAL_CONVERSION = YES;
				CLANG_WARN_OBJC_ROOT_CLASS = YES_ERROR;
				CLANG_WARN_QUOTED_INCLUDE_IN_FRAMEWORK_HEADER = YES;
				CLANG_WARN_RANGE_LOOP_ANALYSIS = YES;
				CLANG_WARN_STRICT_PROTOTYPES = YES;
				CLANG_WARN_SUSPICIOUS_MOVE = YES;
				CLANG_WARN_UNGUARDED_AVAILABILITY = YES_AGGRESSIVE;
				CLANG_WARN_UNREACHABLE_CODE = YES;
				CLANG_WARN__DUPLICATE_METHOD_MATCH = YES;
				COPY_PHASE_STRIP = NO;
				DEBUG_INFORMATION_FORMAT = dwarf;
				ENABLE_STRICT_OBJC_MSGSEND = YES;
				ENABLE_TESTABILITY = YES;
				GCC_C_LANGUAGE_STANDARD = gnu11;
				GCC_DYNAMIC_NO_PIC = NO;
				GCC_NO_COMMON_BLOCKS = YES;
				GCC_OPTIMIZATION_LEVEL = 0;
				GCC_PREPROCESSOR_DEFINITIONS = (
					"DEBUG=1",
					"$(inherited)",
				);
				GCC_WARN_64_TO_32_BIT_CONVERSION = YES;
				GCC_WARN_ABOUT_RETURN_TYPE = YES_ERROR;
				GCC_WARN_UNDECLARED_SELECTOR = YES;
				GCC_WARN_UNINITIALIZED_AUTOS = YES_AGGRESSIVE;
				GCC_WARN_UNUSED_FUNCTION = YES;
				GCC_WARN_UNUSED_VARIABLE = YES;
				IPHONEOS_DEPLOYMENT_TARGET = 15.0;
				MTL_ENABLE_DEBUG_INFO = INCLUDE_SOURCE;
				MTL_FAST_MATH = YES;
				ONLY_ACTIVE_ARCH = YES;
				SDKROOT = iphoneos;
			};
			name = Debug;
		};
		42A945CE2767515F002767C6 /* Release */ = {
			isa = XCBuildConfiguration;
			buildSettings = {
				ALWAYS_SEARCH_USER_PATHS = NO;
				CLANG_ANALYZER_NONNULL = YES;
				CLANG_ANALYZER_NUMBER_OBJECT_CONVERSION = YES_AGGRESSIVE;
				CLANG_CXX_LANGUAGE_STANDARD = "gnu++17";
				CLANG_CXX_LIBRARY = "libc++";
				CLANG_ENABLE_MODULES = YES;
				CLANG_ENABLE_OBJC_ARC = YES;
				CLANG_ENABLE_OBJC_WEAK = YES;
				CLANG_WARN_BLOCK_CAPTURE_AUTORELEASING = YES;
				CLANG_WARN_BOOL_CONVERSION = YES;
				CLANG_WARN_COMMA = YES;
				CLANG_WARN_CONSTANT_CONVERSION = YES;
				CLANG_WARN_DEPRECATED_OBJC_IMPLEMENTATIONS = YES;
				CLANG_WARN_DIRECT_OBJC_ISA_USAGE = YES_ERROR;
				CLANG_WARN_DOCUMENTATION_COMMENTS = YES;
				CLANG_WARN_EMPTY_BODY = YES;
				CLANG_WARN_ENUM_CONVERSION = YES;
				CLANG_WARN_INFINITE_RECURSION = YES;
				CLANG_WARN_INT_CONVERSION = YES;
				CLANG_WARN_NON_LITERAL_NULL_CONVERSION = YES;
				CLANG_WARN_OBJC_IMPLICIT_RETAIN_SELF = YES;
				CLANG_WARN_OBJC_LITERAL_CONVERSION = YES;
				CLANG_WARN_OBJC_ROOT_CLASS = YES_ERROR;
				CLANG_WARN_QUOTED_INCLUDE_IN_FRAMEWORK_HEADER = YES;
				CLANG_WARN_RANGE_LOOP_ANALYSIS = YES;
				CLANG_WARN_STRICT_PROTOTYPES = YES;
				CLANG_WARN_SUSPICIOUS_MOVE = YES;
				CLANG_WARN_UNGUARDED_AVAILABILITY = YES_AGGRESSIVE;
				CLANG_WARN_UNREACHABLE_CODE = YES;
				CLANG_WARN__DUPLICATE_METHOD_MATCH = YES;
				COPY_PHASE_STRIP = NO;
				DEBUG_INFORMATION_FORMAT = "dwarf-with-dsym";
				ENABLE_NS_ASSERTIONS = NO;
				ENABLE_STRICT_OBJC_MSGSEND = YES;
				GCC_C_LANGUAGE_STANDARD = gnu11;
				GCC_NO_COMMON_BLOCKS = YES;
				GCC_WARN_64_TO_32_BIT_CONVERSION = YES;
				GCC_WARN_ABOUT_RETURN_TYPE = YES_ERROR;
				GCC_WARN_UNDECLARED_SELECTOR = YES;
				GCC_WARN_UNINITIALIZED_AUTOS = YES_AGGRESSIVE;
				GCC_WARN_UNUSED_FUNCTION = YES;
				GCC_WARN_UNUSED_VARIABLE = YES;
				IPHONEOS_DEPLOYMENT_TARGET = 15.0;
				MTL_ENABLE_DEBUG_INFO = NO;
				MTL_FAST_MATH = YES;
				SDKROOT = iphoneos;
				VALIDATE_PRODUCT = YES;
			};
			name = Release;
		};
		42A945D02767515F002767C6 /* Debug */ = {
			isa = XCBuildConfiguration;
			buildSettings = {
				ASSETCATALOG_COMPILER_APPICON_NAME = AppIcon;
				ASSETCATALOG_COMPILER_GLOBAL_ACCENT_COLOR_NAME = AccentColor;
				CODE_SIGN_STYLE = Automatic;
				CURRENT_PROJECT_VERSION = 1;
				GENERATE_INFOPLIST_FILE = YES;
				INFOPLIST_FILE = "Tunak-Tunak-Tun/Info.plist";
				INFOPLIST_KEY_UIApplicationSupportsIndirectInputEvents = YES;
				INFOPLIST_KEY_UILaunchStoryboardName = LaunchScreen;
				INFOPLIST_KEY_UIMainStoryboardFile = Main;
				INFOPLIST_KEY_UISupportedInterfaceOrientations_iPad = "UIInterfaceOrientationPortrait UIInterfaceOrientationPortraitUpsideDown UIInterfaceOrientationLandscapeLeft UIInterfaceOrientationLandscapeRight";
				INFOPLIST_KEY_UISupportedInterfaceOrientations_iPhone = "UIInterfaceOrientationPortrait UIInterfaceOrientationLandscapeLeft UIInterfaceOrientationLandscapeRight";
				LD_RUNPATH_SEARCH_PATHS = (
					"$(inherited)",
					"@executable_path/Frameworks",
				);
				MARKETING_VERSION = 1.0;
				PRODUCT_BUNDLE_IDENTIFIER = "net.nemetschek.Tunak-Tunak-Tun";
				PRODUCT_NAME = "$(TARGET_NAME)";
				SWIFT_EMIT_LOC_STRINGS = YES;
				TARGETED_DEVICE_FAMILY = "1,2";
			};
			name = Debug;
		};
		42A945D12767515F002767C6 /* Release */ = {
			isa = XCBuildConfiguration;
			buildSettings = {
				ASSETCATALOG_COMPILER_APPICON_NAME = AppIcon;
				ASSETCATALOG_COMPILER_GLOBAL_ACCENT_COLOR_NAME = AccentColor;
				CODE_SIGN_STYLE = Automatic;
				CURRENT_PROJECT_VERSION = 1;
				GENERATE_INFOPLIST_FILE = YES;
				INFOPLIST_FILE = "Tunak-Tunak-Tun/Info.plist";
				INFOPLIST_KEY_UIApplicationSupportsIndirectInputEvents = YES;
				INFOPLIST_KEY_UILaunchStoryboardName = LaunchScreen;
				INFOPLIST_KEY_UIMainStoryboardFile = Main;
				INFOPLIST_KEY_UISupportedInterfaceOrientations_iPad = "UIInterfaceOrientationPortrait UIInterfaceOrientationPortraitUpsideDown UIInterfaceOrientationLandscapeLeft UIInterfaceOrientationLandscapeRight";
				INFOPLIST_KEY_UISupportedInterfaceOrientations_iPhone = "UIInterfaceOrientationPortrait UIInterfaceOrientationLandscapeLeft UIInterfaceOrientationLandscapeRight";
				LD_RUNPATH_SEARCH_PATHS = (
					"$(inherited)",
					"@executable_path/Frameworks",
				);
				MARKETING_VERSION = 1.0;
				PRODUCT_BUNDLE_IDENTIFIER = "net.nemetschek.Tunak-Tunak-Tun";
				PRODUCT_NAME = "$(TARGET_NAME)";
				SWIFT_EMIT_LOC_STRINGS = YES;
				TARGETED_DEVICE_FAMILY = "1,2";
			};
			name = Release;
		};
/* End XCBuildConfiguration section */

/* Begin XCConfigurationList section */
		42A945B12767515E002767C6 /* Build configuration list for PBXProject "Tunak-Tunak-Tun" */ = {
			isa = XCConfigurationList;
			buildConfigurations = (
				42A945CD2767515F002767C6 /* Debug */,
				42A945CE2767515F002767C6 /* Release */,
			);
			defaultConfigurationIsVisible = 0;
			defaultConfigurationName = Release;
		};
		42A945CF2767515F002767C6 /* Build configuration list for PBXNativeTarget "Tunak-Tunak-Tun" */ = {
			isa = XCConfigurationList;
			buildConfigurations = (
				42A945D02767515F002767C6 /* Debug */,
				42A945D12767515F002767C6 /* Release */,
			);
			defaultConfigurationIsVisible = 0;
			defaultConfigurationName = Release;
		};
/* End XCConfigurationList section */
	};
	rootObject = 42A945AE2767515E002767C6 /* Project object */;
}
